// !$*UTF8*$!
{
	archiveVersion = 1;
	classes = {
	};
	objectVersion = 46;
	objects = {

/* Begin PBXBuildFile section */
		93CD882D1922A21F00D6A223 /* Foundation.framework in Frameworks */ = {isa = PBXBuildFile; fileRef = 93CD882C1922A21F00D6A223 /* Foundation.framework */; };
		93CD882F1922A21F00D6A223 /* CoreGraphics.framework in Frameworks */ = {isa = PBXBuildFile; fileRef = 93CD882E1922A21F00D6A223 /* CoreGraphics.framework */; };
		93CD88311922A21F00D6A223 /* UIKit.framework in Frameworks */ = {isa = PBXBuildFile; fileRef = 93CD88301922A21F00D6A223 /* UIKit.framework */; };
		93CD88371922A21F00D6A223 /* InfoPlist.strings in Resources */ = {isa = PBXBuildFile; fileRef = 93CD88351922A21F00D6A223 /* InfoPlist.strings */; };
		93CD88391922A21F00D6A223 /* main.m in Sources */ = {isa = PBXBuildFile; fileRef = 93CD88381922A21F00D6A223 /* main.m */; };
		93CD883D1922A21F00D6A223 /* AppDelegate.m in Sources */ = {isa = PBXBuildFile; fileRef = 93CD883C1922A21F00D6A223 /* AppDelegate.m */; };
		93CD88401922A21F00D6A223 /* Main.storyboard in Resources */ = {isa = PBXBuildFile; fileRef = 93CD883E1922A21F00D6A223 /* Main.storyboard */; };
		93CD88431922A21F00D6A223 /* ViewController.m in Sources */ = {isa = PBXBuildFile; fileRef = 93CD88421922A21F00D6A223 /* ViewController.m */; };
		93CD88451922A21F00D6A223 /* Images.xcassets in Resources */ = {isa = PBXBuildFile; fileRef = 93CD88441922A21F00D6A223 /* Images.xcassets */; };
		93CD884C1922A21F00D6A223 /* XCTest.framework in Frameworks */ = {isa = PBXBuildFile; fileRef = 93CD884B1922A21F00D6A223 /* XCTest.framework */; };
		93CD884D1922A21F00D6A223 /* Foundation.framework in Frameworks */ = {isa = PBXBuildFile; fileRef = 93CD882C1922A21F00D6A223 /* Foundation.framework */; };
		93CD884E1922A21F00D6A223 /* UIKit.framework in Frameworks */ = {isa = PBXBuildFile; fileRef = 93CD88301922A21F00D6A223 /* UIKit.framework */; };
		93CD88561922A21F00D6A223 /* InfoPlist.strings in Resources */ = {isa = PBXBuildFile; fileRef = 93CD88541922A21F00D6A223 /* InfoPlist.strings */; };
		93CD88581922A21F00D6A223 /* AdventureTests.m in Sources */ = {isa = PBXBuildFile; fileRef = 93CD88571922A21F00D6A223 /* AdventureTests.m */; };
/* End PBXBuildFile section */

/* Begin PBXContainerItemProxy section */
		93CD884F1922A21F00D6A223 /* PBXContainerItemProxy */ = {
			isa = PBXContainerItemProxy;
			containerPortal = 93CD88211922A21F00D6A223 /* Project object */;
			proxyType = 1;
			remoteGlobalIDString = 93CD88281922A21F00D6A223;
			remoteInfo = Adventure;
		};
/* End PBXContainerItemProxy section */

/* Begin PBXFileReference section */
		93CD88291922A21F00D6A223 /* Adventure.app */ = {isa = PBXFileReference; explicitFileType = wrapper.application; includeInIndex = 0; path = Adventure.app; sourceTree = BUILT_PRODUCTS_DIR; };
		93CD882C1922A21F00D6A223 /* Foundation.framework */ = {isa = PBXFileReference; lastKnownFileType = wrapper.framework; name = Foundation.framework; path = System/Library/Frameworks/Foundation.framework; sourceTree = SDKROOT; };
		93CD882E1922A21F00D6A223 /* CoreGraphics.framework */ = {isa = PBXFileReference; lastKnownFileType = wrapper.framework; name = CoreGraphics.framework; path = System/Library/Frameworks/CoreGraphics.framework; sourceTree = SDKROOT; };
		93CD88301922A21F00D6A223 /* UIKit.framework */ = {isa = PBXFileReference; lastKnownFileType = wrapper.framework; name = UIKit.framework; path = System/Library/Frameworks/UIKit.framework; sourceTree = SDKROOT; };
		93CD88341922A21F00D6A223 /* Adventure-Info.plist */ = {isa = PBXFileReference; lastKnownFileType = text.plist.xml; path = "Adventure-Info.plist"; sourceTree = "<group>"; };
		93CD88361922A21F00D6A223 /* en */ = {isa = PBXFileReference; lastKnownFileType = text.plist.strings; name = en; path = en.lproj/InfoPlist.strings; sourceTree = "<group>"; };
		93CD88381922A21F00D6A223 /* main.m */ = {isa = PBXFileReference; lastKnownFileType = sourcecode.c.objc; path = main.m; sourceTree = "<group>"; };
		93CD883A1922A21F00D6A223 /* Adventure-Prefix.pch */ = {isa = PBXFileReference; lastKnownFileType = sourcecode.c.h; path = "Adventure-Prefix.pch"; sourceTree = "<group>"; };
		93CD883B1922A21F00D6A223 /* AppDelegate.h */ = {isa = PBXFileReference; lastKnownFileType = sourcecode.c.h; path = AppDelegate.h; sourceTree = "<group>"; };
		93CD883C1922A21F00D6A223 /* AppDelegate.m */ = {isa = PBXFileReference; lastKnownFileType = sourcecode.c.objc; path = AppDelegate.m; sourceTree = "<group>"; };
		93CD883F1922A21F00D6A223 /* Base */ = {isa = PBXFileReference; lastKnownFileType = file.storyboard; name = Base; path = Base.lproj/Main.storyboard; sourceTree = "<group>"; };
		93CD88411922A21F00D6A223 /* ViewController.h */ = {isa = PBXFileReference; lastKnownFileType = sourcecode.c.h; path = ViewController.h; sourceTree = "<group>"; };
		93CD88421922A21F00D6A223 /* ViewController.m */ = {isa = PBXFileReference; lastKnownFileType = sourcecode.c.objc; path = ViewController.m; sourceTree = "<group>"; };
		93CD88441922A21F00D6A223 /* Images.xcassets */ = {isa = PBXFileReference; lastKnownFileType = folder.assetcatalog; path = Images.xcassets; sourceTree = "<group>"; };
		93CD884A1922A21F00D6A223 /* AdventureTests.xctest */ = {isa = PBXFileReference; explicitFileType = wrapper.cfbundle; includeInIndex = 0; path = AdventureTests.xctest; sourceTree = BUILT_PRODUCTS_DIR; };
		93CD884B1922A21F00D6A223 /* XCTest.framework */ = {isa = PBXFileReference; lastKnownFileType = wrapper.framework; name = XCTest.framework; path = Library/Frameworks/XCTest.framework; sourceTree = DEVELOPER_DIR; };
		93CD88531922A21F00D6A223 /* AdventureTests-Info.plist */ = {isa = PBXFileReference; lastKnownFileType = text.plist.xml; path = "AdventureTests-Info.plist"; sourceTree = "<group>"; };
		93CD88551922A21F00D6A223 /* en */ = {isa = PBXFileReference; lastKnownFileType = text.plist.strings; name = en; path = en.lproj/InfoPlist.strings; sourceTree = "<group>"; };
		93CD88571922A21F00D6A223 /* AdventureTests.m */ = {isa = PBXFileReference; lastKnownFileType = sourcecode.c.objc; path = AdventureTests.m; sourceTree = "<group>"; };
/* End PBXFileReference section */

/* Begin PBXFrameworksBuildPhase section */
		93CD88261922A21F00D6A223 /* Frameworks */ = {
			isa = PBXFrameworksBuildPhase;
			buildActionMask = 2147483647;
			files = (
				93CD882F1922A21F00D6A223 /* CoreGraphics.framework in Frameworks */,
				93CD88311922A21F00D6A223 /* UIKit.framework in Frameworks */,
				93CD882D1922A21F00D6A223 /* Foundation.framework in Frameworks */,
			);
			runOnlyForDeploymentPostprocessing = 0;
		};
		93CD88471922A21F00D6A223 /* Frameworks */ = {
			isa = PBXFrameworksBuildPhase;
			buildActionMask = 2147483647;
			files = (
				93CD884C1922A21F00D6A223 /* XCTest.framework in Frameworks */,
				93CD884E1922A21F00D6A223 /* UIKit.framework in Frameworks */,
				93CD884D1922A21F00D6A223 /* Foundation.framework in Frameworks */,
			);
			runOnlyForDeploymentPostprocessing = 0;
		};
/* End PBXFrameworksBuildPhase section */

/* Begin PBXGroup section */
		93CD88201922A21F00D6A223 = {
			isa = PBXGroup;
			children = (
				93CD88321922A21F00D6A223 /* Adventure */,
				93CD88511922A21F00D6A223 /* AdventureTests */,
				93CD882B1922A21F00D6A223 /* Frameworks */,
				93CD882A1922A21F00D6A223 /* Products */,
			);
			sourceTree = "<group>";
		};
		93CD882A1922A21F00D6A223 /* Products */ = {
			isa = PBXGroup;
			children = (
				93CD88291922A21F00D6A223 /* Adventure.app */,
				93CD884A1922A21F00D6A223 /* AdventureTests.xctest */,
			);
			name = Products;
			sourceTree = "<group>";
		};
		93CD882B1922A21F00D6A223 /* Frameworks */ = {
			isa = PBXGroup;
			children = (
				93CD882C1922A21F00D6A223 /* Foundation.framework */,
				93CD882E1922A21F00D6A223 /* CoreGraphics.framework */,
				93CD88301922A21F00D6A223 /* UIKit.framework */,
				93CD884B1922A21F00D6A223 /* XCTest.framework */,
			);
			name = Frameworks;
			sourceTree = "<group>";
		};
		93CD88321922A21F00D6A223 /* Adventure */ = {
			isa = PBXGroup;
			children = (
				93CD883B1922A21F00D6A223 /* AppDelegate.h */,
				93CD883C1922A21F00D6A223 /* AppDelegate.m */,
				93CD883E1922A21F00D6A223 /* Main.storyboard */,
				93CD88411922A21F00D6A223 /* ViewController.h */,
				93CD88421922A21F00D6A223 /* ViewController.m */,
				93CD88441922A21F00D6A223 /* Images.xcassets */,
				93CD88331922A21F00D6A223 /* Supporting Files */,
			);
			path = Adventure;
			sourceTree = "<group>";
		};
		93CD88331922A21F00D6A223 /* Supporting Files */ = {
			isa = PBXGroup;
			children = (
				93CD88341922A21F00D6A223 /* Adventure-Info.plist */,
				93CD88351922A21F00D6A223 /* InfoPlist.strings */,
				93CD88381922A21F00D6A223 /* main.m */,
				93CD883A1922A21F00D6A223 /* Adventure-Prefix.pch */,
			);
			name = "Supporting Files";
			sourceTree = "<group>";
		};
		93CD88511922A21F00D6A223 /* AdventureTests */ = {
			isa = PBXGroup;
			children = (
				93CD88571922A21F00D6A223 /* AdventureTests.m */,
				93CD88521922A21F00D6A223 /* Supporting Files */,
			);
			path = AdventureTests;
			sourceTree = "<group>";
		};
		93CD88521922A21F00D6A223 /* Supporting Files */ = {
			isa = PBXGroup;
			children = (
				93CD88531922A21F00D6A223 /* AdventureTests-Info.plist */,
				93CD88541922A21F00D6A223 /* InfoPlist.strings */,
			);
			name = "Supporting Files";
			sourceTree = "<group>";
		};
/* End PBXGroup section */

/* Begin PBXNativeTarget section */
		93CD88281922A21F00D6A223 /* Adventure */ = {
			isa = PBXNativeTarget;
			buildConfigurationList = 93CD885B1922A21F00D6A223 /* Build configuration list for PBXNativeTarget "Adventure" */;
			buildPhases = (
				93CD88251922A21F00D6A223 /* Sources */,
				93CD88261922A21F00D6A223 /* Frameworks */,
				93CD88271922A21F00D6A223 /* Resources */,
			);
			buildRules = (
			);
			dependencies = (
			);
			name = Adventure;
			productName = Adventure;
			productReference = 93CD88291922A21F00D6A223 /* Adventure.app */;
			productType = "com.apple.product-type.application";
		};
		93CD88491922A21F00D6A223 /* AdventureTests */ = {
			isa = PBXNativeTarget;
			buildConfigurationList = 93CD885E1922A21F00D6A223 /* Build configuration list for PBXNativeTarget "AdventureTests" */;
			buildPhases = (
				93CD88461922A21F00D6A223 /* Sources */,
				93CD88471922A21F00D6A223 /* Frameworks */,
				93CD88481922A21F00D6A223 /* Resources */,
			);
			buildRules = (
			);
			dependencies = (
				93CD88501922A21F00D6A223 /* PBXTargetDependency */,
			);
			name = AdventureTests;
			productName = AdventureTests;
			productReference = 93CD884A1922A21F00D6A223 /* AdventureTests.xctest */;
			productType = "com.apple.product-type.bundle.unit-test";
		};
/* End PBXNativeTarget section */

/* Begin PBXProject section */
		93CD88211922A21F00D6A223 /* Project object */ = {
			isa = PBXProject;
			attributes = {
				LastUpgradeCheck = 0510;
				ORGANIZATIONNAME = "Mobile Makers";
				TargetAttributes = {
					93CD88491922A21F00D6A223 = {
						TestTargetID = 93CD88281922A21F00D6A223;
					};
				};
			};
			buildConfigurationList = 93CD88241922A21F00D6A223 /* Build configuration list for PBXProject "Adventure" */;
			compatibilityVersion = "Xcode 3.2";
			developmentRegion = English;
			hasScannedForEncodings = 0;
			knownRegions = (
				en,
				Base,
			);
			mainGroup = 93CD88201922A21F00D6A223;
			productRefGroup = 93CD882A1922A21F00D6A223 /* Products */;
			projectDirPath = "";
			projectRoot = "";
			targets = (
				93CD88281922A21F00D6A223 /* Adventure */,
				93CD88491922A21F00D6A223 /* AdventureTests */,
			);
		};
/* End PBXProject section */

/* Begin PBXResourcesBuildPhase section */
		93CD88271922A21F00D6A223 /* Resources */ = {
			isa = PBXResourcesBuildPhase;
			buildActionMask = 2147483647;
			files = (
				93CD88451922A21F00D6A223 /* Images.xcassets in Resources */,
				93CD88371922A21F00D6A223 /* InfoPlist.strings in Resources */,
				93CD88401922A21F00D6A223 /* Main.storyboard in Resources */,
			);
			runOnlyForDeploymentPostprocessing = 0;
		};
		93CD88481922A21F00D6A223 /* Resources */ = {
			isa = PBXResourcesBuildPhase;
			buildActionMask = 2147483647;
			files = (
				93CD88561922A21F00D6A223 /* InfoPlist.strings in Resources */,
			);
			runOnlyForDeploymentPostprocessing = 0;
		};
/* End PBXResourcesBuildPhase section */

/* Begin PBXSourcesBuildPhase section */
		93CD88251922A21F00D6A223 /* Sources */ = {
			isa = PBXSourcesBuildPhase;
			buildActionMask = 2147483647;
			files = (
				93CD88431922A21F00D6A223 /* ViewController.m in Sources */,
				93CD883D1922A21F00D6A223 /* AppDelegate.m in Sources */,
				93CD88391922A21F00D6A223 /* main.m in Sources */,
			);
			runOnlyForDeploymentPostprocessing = 0;
		};
		93CD88461922A21F00D6A223 /* Sources */ = {
			isa = PBXSourcesBuildPhase;
			buildActionMask = 2147483647;
			files = (
				93CD88581922A21F00D6A223 /* AdventureTests.m in Sources */,
			);
			runOnlyForDeploymentPostprocessing = 0;
		};
/* End PBXSourcesBuildPhase section */

/* Begin PBXTargetDependency section */
		93CD88501922A21F00D6A223 /* PBXTargetDependency */ = {
			isa = PBXTargetDependency;
			target = 93CD88281922A21F00D6A223 /* Adventure */;
			targetProxy = 93CD884F1922A21F00D6A223 /* PBXContainerItemProxy */;
		};
/* End PBXTargetDependency section */

/* Begin PBXVariantGroup section */
		93CD88351922A21F00D6A223 /* InfoPlist.strings */ = {
			isa = PBXVariantGroup;
			children = (
				93CD88361922A21F00D6A223 /* en */,
			);
			name = InfoPlist.strings;
			sourceTree = "<group>";
		};
		93CD883E1922A21F00D6A223 /* Main.storyboard */ = {
			isa = PBXVariantGroup;
			children = (
				93CD883F1922A21F00D6A223 /* Base */,
			);
			name = Main.storyboard;
			sourceTree = "<group>";
		};
		93CD88541922A21F00D6A223 /* InfoPlist.strings */ = {
			isa = PBXVariantGroup;
			children = (
				93CD88551922A21F00D6A223 /* en */,
			);
			name = InfoPlist.strings;
			sourceTree = "<group>";
		};
/* End PBXVariantGroup section */

/* Begin XCBuildConfiguration section */
		93CD88591922A21F00D6A223 /* Debug */ = {
			isa = XCBuildConfiguration;
			buildSettings = {
				ALWAYS_SEARCH_USER_PATHS = NO;
				CLANG_CXX_LANGUAGE_STANDARD = "gnu++0x";
				CLANG_CXX_LIBRARY = "libc++";
				CLANG_ENABLE_MODULES = YES;
				CLANG_ENABLE_OBJC_ARC = YES;
				CLANG_WARN_BOOL_CONVERSION = YES;
				CLANG_WARN_CONSTANT_CONVERSION = YES;
				CLANG_WARN_DIRECT_OBJC_ISA_USAGE = YES_ERROR;
				CLANG_WARN_EMPTY_BODY = YES;
				CLANG_WARN_ENUM_CONVERSION = YES;
				CLANG_WARN_INT_CONVERSION = YES;
				CLANG_WARN_OBJC_ROOT_CLASS = YES_ERROR;
				CLANG_WARN__DUPLICATE_METHOD_MATCH = YES;
				"CODE_SIGN_IDENTITY[sdk=iphoneos*]" = "iPhone Developer";
				COPY_PHASE_STRIP = NO;
				GCC_C_LANGUAGE_STANDARD = gnu99;
				GCC_DYNAMIC_NO_PIC = NO;
				GCC_OPTIMIZATION_LEVEL = 0;
				GCC_PREPROCESSOR_DEFINITIONS = (
					"DEBUG=1",
					"$(inherited)",
				);
				GCC_SYMBOLS_PRIVATE_EXTERN = NO;
				GCC_WARN_64_TO_32_BIT_CONVERSION = YES;
				GCC_WARN_ABOUT_RETURN_TYPE = YES_ERROR;
				GCC_WARN_UNDECLARED_SELECTOR = YES;
				GCC_WARN_UNINITIALIZED_AUTOS = YES_AGGRESSIVE;
				GCC_WARN_UNUSED_FUNCTION = YES;
				GCC_WARN_UNUSED_VARIABLE = YES;
				IPHONEOS_DEPLOYMENT_TARGET = 7.1;
				ONLY_ACTIVE_ARCH = YES;
				SDKROOT = iphoneos;
			};
			name = Debug;
		};
		93CD885A1922A21F00D6A223 /* Release */ = {
			isa = XCBuildConfiguration;
			buildSettings = {
				ALWAYS_SEARCH_USER_PATHS = NO;
				CLANG_CXX_LANGUAGE_STANDARD = "gnu++0x";
				CLANG_CXX_LIBRARY = "libc++";
				CLANG_ENABLE_MODULES = YES;
				CLANG_ENABLE_OBJC_ARC = YES;
				CLANG_WARN_BOOL_CONVERSION = YES;
				CLANG_WARN_CONSTANT_CONVERSION = YES;
				CLANG_WARN_DIRECT_OBJC_ISA_USAGE = YES_ERROR;
				CLANG_WARN_EMPTY_BODY = YES;
				CLANG_WARN_ENUM_CONVERSION = YES;
				CLANG_WARN_INT_CONVERSION = YES;
				CLANG_WARN_OBJC_ROOT_CLASS = YES_ERROR;
				CLANG_WARN__DUPLICATE_METHOD_MATCH = YES;
				"CODE_SIGN_IDENTITY[sdk=iphoneos*]" = "iPhone Developer";
				COPY_PHASE_STRIP = YES;
				ENABLE_NS_ASSERTIONS = NO;
				GCC_C_LANGUAGE_STANDARD = gnu99;
				GCC_WARN_64_TO_32_BIT_CONVERSION = YES;
				GCC_WARN_ABOUT_RETURN_TYPE = YES_ERROR;
				GCC_WARN_UNDECLARED_SELECTOR = YES;
				GCC_WARN_UNINITIALIZED_AUTOS = YES_AGGRESSIVE;
				GCC_WARN_UNUSED_FUNCTION = YES;
				GCC_WARN_UNUSED_VARIABLE = YES;
				IPHONEOS_DEPLOYMENT_TARGET = 7.1;
				SDKROOT = iphoneos;
				VALIDATE_PRODUCT = YES;
			};
			name = Release;
		};
		93CD885C1922A21F00D6A223 /* Debug */ = {
			isa = XCBuildConfiguration;
			buildSettings = {
				ASSETCATALOG_COMPILER_APPICON_NAME = AppIcon;
				ASSETCATALOG_COMPILER_LAUNCHIMAGE_NAME = LaunchImage;
				GCC_PRECOMPILE_PREFIX_HEADER = YES;
				GCC_PREFIX_HEADER = "Adventure/Adventure-Prefix.pch";
				INFOPLIST_FILE = "Adventure/Adventure-Info.plist";
				PRODUCT_NAME = "$(TARGET_NAME)";
				WRAPPER_EXTENSION = app;
			};
			name = Debug;
		};
		93CD885D1922A21F00D6A223 /* Release */ = {
			isa = XCBuildConfiguration;
			buildSettings = {
				ASSETCATALOG_COMPILER_APPICON_NAME = AppIcon;
				ASSETCATALOG_COMPILER_LAUNCHIMAGE_NAME = LaunchImage;
				GCC_PRECOMPILE_PREFIX_HEADER = YES;
				GCC_PREFIX_HEADER = "Adventure/Adventure-Prefix.pch";
				INFOPLIST_FILE = "Adventure/Adventure-Info.plist";
				PRODUCT_NAME = "$(TARGET_NAME)";
				WRAPPER_EXTENSION = app;
			};
			name = Release;
		};
		93CD885F1922A21F00D6A223 /* Debug */ = {
			isa = XCBuildConfiguration;
			buildSettings = {
				BUNDLE_LOADER = "$(BUILT_PRODUCTS_DIR)/Adventure.app/Adventure";
				FRAMEWORK_SEARCH_PATHS = (
					"$(SDKROOT)/Developer/Library/Frameworks",
					"$(inherited)",
					"$(DEVELOPER_FRAMEWORKS_DIR)",
				);
				GCC_PRECOMPILE_PREFIX_HEADER = YES;
				GCC_PREFIX_HEADER = "Adventure/Adventure-Prefix.pch";
				GCC_PREPROCESSOR_DEFINITIONS = (
					"DEBUG=1",
					"$(inherited)",
				);
				INFOPLIST_FILE = "AdventureTests/AdventureTests-Info.plist";
				PRODUCT_NAME = "$(TARGET_NAME)";
				TEST_HOST = "$(BUNDLE_LOADER)";
				WRAPPER_EXTENSION = xctest;
			};
			name = Debug;
		};
		93CD88601922A21F00D6A223 /* Release */ = {
			isa = XCBuildConfiguration;
			buildSettings = {
				BUNDLE_LOADER = "$(BUILT_PRODUCTS_DIR)/Adventure.app/Adventure";
				FRAMEWORK_SEARCH_PATHS = (
					"$(SDKROOT)/Developer/Library/Frameworks",
					"$(inherited)",
					"$(DEVELOPER_FRAMEWORKS_DIR)",
				);
				GCC_PRECOMPILE_PREFIX_HEADER = YES;
				GCC_PREFIX_HEADER = "Adventure/Adventure-Prefix.pch";
				INFOPLIST_FILE = "AdventureTests/AdventureTests-Info.plist";
				PRODUCT_NAME = "$(TARGET_NAME)";
				TEST_HOST = "$(BUNDLE_LOADER)";
				WRAPPER_EXTENSION = xctest;
			};
			name = Release;
		};
/* End XCBuildConfiguration section */

/* Begin XCConfigurationList section */
		93CD88241922A21F00D6A223 /* Build configuration list for PBXProject "Adventure" */ = {
			isa = XCConfigurationList;
			buildConfigurations = (
				93CD88591922A21F00D6A223 /* Debug */,
				93CD885A1922A21F00D6A223 /* Release */,
			);
			defaultConfigurationIsVisible = 0;
			defaultConfigurationName = Release;
		};
		93CD885B1922A21F00D6A223 /* Build configuration list for PBXNativeTarget "Adventure" */ = {
			isa = XCConfigurationList;
			buildConfigurations = (
				93CD885C1922A21F00D6A223 /* Debug */,
				93CD885D1922A21F00D6A223 /* Release */,
			);
			defaultConfigurationIsVisible = 0;
		};
		93CD885E1922A21F00D6A223 /* Build configuration list for PBXNativeTarget "AdventureTests" */ = {
			isa = XCConfigurationList;
			buildConfigurations = (
				93CD885F1922A21F00D6A223 /* Debug */,
				93CD88601922A21F00D6A223 /* Release */,
			);
			defaultConfigurationIsVisible = 0;
		};
/* End XCConfigurationList section */
	};
	rootObject = 93CD88211922A21F00D6A223 /* Project object */;
}
